
Microsoft Visual Studio Solution File, Format Version 12.00
# Visual Studio 15
VisualStudioVersion = 15.0.28307.489
MinimumVisualStudioVersion = 10.0.40219.1
Project("{FAE04EC0-301F-11D3-BF4B-00C04F79EFBC}") = "Common.UnitTest", "Common.UnitTest\Common.UnitTest.csproj", "{5CED77D3-F8DE-4CA0-87E2-FEB7FF4F8CB3}"
EndProject
Project("{9A19103F-16F7-4668-BE54-9A1E7A4F7556}") = "Common", "Common\Common.csproj", "{7C8CDF1B-C2A1-443D-BC88-04937FFA077B}"
EndProject
Project("{2150E333-8FDC-42A3-9474-1A3956D46DE8}") = "doc", "doc", "{E5BA5AF2-219B-4C70-A57E-C3E14432DB25}"
	ProjectSection(SolutionItems) = preProject
		..\readme.md = ..\readme.md
	EndProjectSection
EndProject
Project("{FAE04EC0-301F-11D3-BF4B-00C04F79EFBC}") = "AsyncFormDemo", "AsyncFormDemo\AsyncFormDemo.csproj", "{A9D42FAB-F0DB-493E-A3E2-0C2F069A7541}"
EndProject
Project("{9A19103F-16F7-4668-BE54-9A1E7A4F7556}") = "SignalrDemo", "SignalrDemo\SignalrDemo.csproj", "{6B8971F3-E49D-48D1-91EA-C4E3DD5A17C0}"
EndProject
Project("{2150E333-8FDC-42A3-9474-1A3956D46DE8}") = "SignalR", "SignalR", "{2AED01DB-F3D4-4008-9B18-869865978B21}"
EndProject
Project("{FAE04EC0-301F-11D3-BF4B-00C04F79EFBC}") = "Common.SignalR", "Common.SignalR\Common.SignalR.csproj", "{432FF3C6-3A1D-4DC6-AF7E-B8F7276CE269}"
EndProject
Global
	GlobalSection(SolutionConfigurationPlatforms) = preSolution
		Debug|Any CPU = Debug|Any CPU
		Release|Any CPU = Release|Any CPU
	EndGlobalSection
	GlobalSection(ProjectConfigurationPlatforms) = postSolution
		{5CED77D3-F8DE-4CA0-87E2-FEB7FF4F8CB3}.Debug|Any CPU.ActiveCfg = Debug|Any CPU
		{5CED77D3-F8DE-4CA0-87E2-FEB7FF4F8CB3}.Debug|Any CPU.Build.0 = Debug|Any CPU
		{5CED77D3-F8DE-4CA0-87E2-FEB7FF4F8CB3}.Release|Any CPU.ActiveCfg = Release|Any CPU
		{5CED77D3-F8DE-4CA0-87E2-FEB7FF4F8CB3}.Release|Any CPU.Build.0 = Release|Any CPU
		{7C8CDF1B-C2A1-443D-BC88-04937FFA077B}.Debug|Any CPU.ActiveCfg = Debug|Any CPU
		{7C8CDF1B-C2A1-443D-BC88-04937FFA077B}.Debug|Any CPU.Build.0 = Debug|Any CPU
		{7C8CDF1B-C2A1-443D-BC88-04937FFA077B}.Release|Any CPU.ActiveCfg = Release|Any CPU
		{7C8CDF1B-C2A1-443D-BC88-04937FFA077B}.Release|Any CPU.Build.0 = Release|Any CPU
		{A9D42FAB-F0DB-493E-A3E2-0C2F069A7541}.Debug|Any CPU.ActiveCfg = Debug|Any CPU
		{A9D42FAB-F0DB-493E-A3E2-0C2F069A7541}.Debug|Any CPU.Build.0 = Debug|Any CPU
		{A9D42FAB-F0DB-493E-A3E2-0C2F069A7541}.Release|Any CPU.ActiveCfg = Release|Any CPU
		{A9D42FAB-F0DB-493E-A3E2-0C2F069A7541}.Release|Any CPU.Build.0 = Release|Any CPU
		{6B8971F3-E49D-48D1-91EA-C4E3DD5A17C0}.Debug|Any CPU.ActiveCfg = Debug|Any CPU
		{6B8971F3-E49D-48D1-91EA-C4E3DD5A17C0}.Debug|Any CPU.Build.0 = Debug|Any CPU
		{6B8971F3-E49D-48D1-91EA-C4E3DD5A17C0}.Release|Any CPU.ActiveCfg = Release|Any CPU
		{6B8971F3-E49D-48D1-91EA-C4E3DD5A17C0}.Release|Any CPU.Build.0 = Release|Any CPU
		{432FF3C6-3A1D-4DC6-AF7E-B8F7276CE269}.Debug|Any CPU.ActiveCfg = Debug|Any CPU
		{432FF3C6-3A1D-4DC6-AF7E-B8F7276CE269}.Debug|Any CPU.Build.0 = Debug|Any CPU
		{432FF3C6-3A1D-4DC6-AF7E-B8F7276CE269}.Release|Any CPU.ActiveCfg = Release|Any CPU
		{432FF3C6-3A1D-4DC6-AF7E-B8F7276CE269}.Release|Any CPU.Build.0 = Release|Any CPU
	EndGlobalSection
	GlobalSection(SolutionProperties) = preSolution
		HideSolutionNode = FALSE
	EndGlobalSection
	GlobalSection(NestedProjects) = preSolution
		{6B8971F3-E49D-48D1-91EA-C4E3DD5A17C0} = {2AED01DB-F3D4-4008-9B18-869865978B21}
		{432FF3C6-3A1D-4DC6-AF7E-B8F7276CE269} = {2AED01DB-F3D4-4008-9B18-869865978B21}
	EndGlobalSection
	GlobalSection(ExtensibilityGlobals) = postSolution
		SolutionGuid = {C15D5D5A-B1FB-4C85-954D-9F6A8F3D52F7}
	EndGlobalSection
EndGlobal
